
Microsoft Visual Studio Solution File, Format Version 12.00
# Visual Studio Version 16
VisualStudioVersion = 16.0.31613.86
MinimumVisualStudioVersion = 10.0.40219.1
Project("{FAE04EC0-301F-11D3-BF4B-00C04F79EFBC}") = "project apps hotel", "project apps hotel\project apps hotel.csproj", "{5813E066-5E5A-4784-91B4-7E5DE28F8069}"
EndProject
Global
	GlobalSection(SolutionConfigurationPlatforms) = preSolution
		Debug|Any CPU = Debug|Any CPU
		Release|Any CPU = Release|Any CPU
	EndGlobalSection
	GlobalSection(ProjectConfigurationPlatforms) = postSolution
		{5813E066-5E5A-4784-91B4-7E5DE28F8069}.Debug|Any CPU.ActiveCfg = Debug|Any CPU
		{5813E066-5E5A-4784-91B4-7E5DE28F8069}.Debug|Any CPU.Build.0 = Debug|Any CPU
		{5813E066-5E5A-4784-91B4-7E5DE28F8069}.Release|Any CPU.ActiveCfg = Release|Any CPU
		{5813E066-5E5A-4784-91B4-7E5DE28F8069}.Release|Any CPU.Build.0 = Release|Any CPU
	EndGlobalSection
	GlobalSection(SolutionProperties) = preSolution
		HideSolutionNode = FALSE
	EndGlobalSection
	GlobalSection(ExtensibilityGlobals) = postSolution
		SolutionGuid = {E15ADCFF-86D6-4F25-B917-71EE38BBCCCC}
	EndGlobalSection
EndGlobal
