
Microsoft Visual Studio Solution File, Format Version 12.00
# Visual Studio Version 16
VisualStudioVersion = 16.0.31613.86
MinimumVisualStudioVersion = 10.0.40219.1
Project("{FAE04EC0-301F-11D3-BF4B-00C04F79EFBC}") = "ujian mid vispro", "ujian mid vispro\ujian mid vispro.csproj", "{8F357B30-DEAD-4C08-B565-83A917BA400F}"
EndProject
Global
	GlobalSection(SolutionConfigurationPlatforms) = preSolution
		Debug|Any CPU = Debug|Any CPU
		Release|Any CPU = Release|Any CPU
	EndGlobalSection
	GlobalSection(ProjectConfigurationPlatforms) = postSolution
		{8F357B30-DEAD-4C08-B565-83A917BA400F}.Debug|Any CPU.ActiveCfg = Debug|Any CPU
		{8F357B30-DEAD-4C08-B565-83A917BA400F}.Debug|Any CPU.Build.0 = Debug|Any CPU
		{8F357B30-DEAD-4C08-B565-83A917BA400F}.Release|Any CPU.ActiveCfg = Release|Any CPU
		{8F357B30-DEAD-4C08-B565-83A917BA400F}.Release|Any CPU.Build.0 = Release|Any CPU
	EndGlobalSection
	GlobalSection(SolutionProperties) = preSolution
		HideSolutionNode = FALSE
	EndGlobalSection
	GlobalSection(ExtensibilityGlobals) = postSolution
		SolutionGuid = {3040D643-7958-4E90-813F-F90A25AA6AB3}
	EndGlobalSection
EndGlobal
