
Microsoft Visual Studio Solution File, Format Version 12.00
# Visual Studio Version 16
VisualStudioVersion = 16.0.31613.86
MinimumVisualStudioVersion = 10.0.40219.1
Project("{FAE04EC0-301F-11D3-BF4B-00C04F79EFBC}") = "grafic card", "grafic card\grafic card.csproj", "{9CF7D2B3-27C9-4A1B-A8F8-F7FFB9D567EA}"
EndProject
Global
	GlobalSection(SolutionConfigurationPlatforms) = preSolution
		Debug|Any CPU = Debug|Any CPU
		Release|Any CPU = Release|Any CPU
	EndGlobalSection
	GlobalSection(ProjectConfigurationPlatforms) = postSolution
		{9CF7D2B3-27C9-4A1B-A8F8-F7FFB9D567EA}.Debug|Any CPU.ActiveCfg = Debug|Any CPU
		{9CF7D2B3-27C9-4A1B-A8F8-F7FFB9D567EA}.Debug|Any CPU.Build.0 = Debug|Any CPU
		{9CF7D2B3-27C9-4A1B-A8F8-F7FFB9D567EA}.Release|Any CPU.ActiveCfg = Release|Any CPU
		{9CF7D2B3-27C9-4A1B-A8F8-F7FFB9D567EA}.Release|Any CPU.Build.0 = Release|Any CPU
	EndGlobalSection
	GlobalSection(SolutionProperties) = preSolution
		HideSolutionNode = FALSE
	EndGlobalSection
	GlobalSection(ExtensibilityGlobals) = postSolution
		SolutionGuid = {6E5B2415-CABE-4D7A-A719-EFD2ABDB2AF4}
	EndGlobalSection
EndGlobal
